github.com/spaolacci/murmur3 v1.1.0 h1:7c1g84S4BPRrfL5Xrdp6fOJ206sU9y293DDHaoy0bLI=
github.com/spaolacci/murmur3 v1.1.0/go.mod h1:JwIasOWyU6f++ZhiEuf87xNszmSA2myDM2Kzu9HwQUA=
github.com/u6du/radix v0.0.0-20190714132402-7a33218253d8 h1:X7YCxwY9YOIxK9UJW2RPRMZUOgEhn0JhLdf9igcBgEk=
github.com/u6du/radix v0.0.0-20190714132402-7a33218253d8/go.mod h1:yZV7LQ71Xn20qv5oUyx2/Vx7TTI4ttSDwrmw/gN9hq4=
github.com/u6du/radix v0.0.0-20190714132955-8d2bc9451930 h1:6kW+vnFtnFZkA8YDQbhIVH7EUf34wHLBZiWhl1Ai7bA=
github.com/u6du/radix v0.0.0-20190714132955-8d2bc9451930/go.mod h1:yZV7LQ71Xn20qv5oUyx2/Vx7TTI4ttSDwrmw/gN9hq4=
