github.com/spaolacci/murmur3 v1.1.0 h1:7c1g84S4BPRrfL5Xrdp6fOJ206sU9y293DDHaoy0bLI=
github.com/spaolacci/murmur3 v1.1.0/go.mod h1:JwIasOWyU6f++ZhiEuf87xNszmSA2myDM2Kzu9HwQUA=
github.com/u6du/radix v0.0.0-20190714141635-a2aaea908eda h1:LG03PoJh7eIAWozFN1xc/5s8TDyz9QXL6XLgfr/5EBM=
github.com/u6du/radix v0.0.0-20190714141635-a2aaea908eda/go.mod h1:yZV7LQ71Xn20qv5oUyx2/Vx7TTI4ttSDwrmw/gN9hq4=
